
Microsoft Visual Studio Solution File, Format Version 12.00
# Visual Studio 15
Project("{FAE04EC0-301F-11D3-BF4B-00C04F79EFBC}") = "PhotonVoice", "PhotonVoice.csproj", "{972C5385-E980-A162-A585-D32BBFF72BEE}"
EndProject
Project("{FAE04EC0-301F-11D3-BF4B-00C04F79EFBC}") = "PhotonChat", "PhotonChat.csproj", "{670B132E-6521-E1A0-4CDE-45D5504877F3}"
EndProject
Project("{FAE04EC0-301F-11D3-BF4B-00C04F79EFBC}") = "PhotonUnityNetworking.Demos", "PhotonUnityNetworking.Demos.csproj", "{E3129378-8758-B041-0289-6DB1182F6E55}"
EndProject
Project("{FAE04EC0-301F-11D3-BF4B-00C04F79EFBC}") = "PhotonVoice.API", "PhotonVoice.API.csproj", "{FAC97D98-F0BB-0BE8-B676-EF56CD62F881}"
EndProject
Project("{FAE04EC0-301F-11D3-BF4B-00C04F79EFBC}") = "Assembly-CSharp", "Assembly-CSharp.csproj", "{53C854A7-598C-B12E-D89D-4543985B8258}"
EndProject
Project("{FAE04EC0-301F-11D3-BF4B-00C04F79EFBC}") = "PhotonRealtime", "PhotonRealtime.csproj", "{DB936CC5-0406-5C97-C061-0B99DB0C5AB7}"
EndProject
Project("{FAE04EC0-301F-11D3-BF4B-00C04F79EFBC}") = "MicAmplifierEditor.Editor", "MicAmplifierEditor.Editor.csproj", "{3B74671D-9DCD-42DD-E82B-1C6A360CB105}"
EndProject
Project("{FAE04EC0-301F-11D3-BF4B-00C04F79EFBC}") = "PhotonUnityNetworking.Editor", "PhotonUnityNetworking.Editor.csproj", "{8308163B-6790-7B0F-F315-BB260E3A6773}"
EndProject
Project("{FAE04EC0-301F-11D3-BF4B-00C04F79EFBC}") = "PhotonUnityNetworking", "PhotonUnityNetworking.csproj", "{D6CC6B84-6817-C017-4F13-15A3C1BFD0D5}"
EndProject
Project("{FAE04EC0-301F-11D3-BF4B-00C04F79EFBC}") = "Voice.FMOD.Editor", "Voice.FMOD.Editor.csproj", "{AC8A3D89-FBA6-95EF-A7C9-023220F3075C}"
EndProject
Project("{FAE04EC0-301F-11D3-BF4B-00C04F79EFBC}") = "PhotonUnityNetworking.Utilities.PhotonPlayer.Editor", "PhotonUnityNetworking.Utilities.PhotonPlayer.Editor.csproj", "{13BD00A8-4276-4427-7BC1-4F2B4A2F5DC7}"
EndProject
Project("{FAE04EC0-301F-11D3-BF4B-00C04F79EFBC}") = "PhotonVoice.PUN.Editor", "PhotonVoice.PUN.Editor.csproj", "{86AF00A3-1E6A-55B4-FFF2-BA130F865F84}"
EndProject
Project("{FAE04EC0-301F-11D3-BF4B-00C04F79EFBC}") = "PhotonVoice.Editor", "PhotonVoice.Editor.csproj", "{9AD7D7E5-8749-14F3-C4EB-A9E57793F2EE}"
EndProject
Project("{FAE04EC0-301F-11D3-BF4B-00C04F79EFBC}") = "PhotonUnityNetworking.Utilities", "PhotonUnityNetworking.Utilities.csproj", "{89152FF3-E08A-6531-F76D-4A904DB31A6B}"
EndProject
Project("{FAE04EC0-301F-11D3-BF4B-00C04F79EFBC}") = "PhotonVoice.Utilities.Editor", "PhotonVoice.Utilities.Editor.csproj", "{74B72D2F-F33E-4097-591F-C5781C2B62C2}"
EndProject
Project("{FAE04EC0-301F-11D3-BF4B-00C04F79EFBC}") = "PunDemos.DemoSlotcarEditor", "PunDemos.DemoSlotcarEditor.csproj", "{B43E3C0A-25D4-7C8C-3446-F22EAC2EC853}"
EndProject
Project("{FAE04EC0-301F-11D3-BF4B-00C04F79EFBC}") = "Assembly-CSharp-Editor", "Assembly-CSharp-Editor.csproj", "{8D7D7744-FB2C-59DE-3D19-5D5A9CB6D594}"
EndProject
Project("{FAE04EC0-301F-11D3-BF4B-00C04F79EFBC}") = "PhotonVoice.PUN", "PhotonVoice.PUN.csproj", "{4E34C71E-BEBB-B687-C1ED-5DDCB0682496}"
EndProject
Project("{FAE04EC0-301F-11D3-BF4B-00C04F79EFBC}") = "PhotonUnityNetworking.Utilities.Culling.Editor", "PhotonUnityNetworking.Utilities.Culling.Editor.csproj", "{C1C3DDC7-DF4E-A34B-873E-FEACFC89D09A}"
EndProject
Project("{FAE04EC0-301F-11D3-BF4B-00C04F79EFBC}") = "PunDemos.DemoHubEditor", "PunDemos.DemoHubEditor.csproj", "{81047AD0-3CFB-DAF3-EA32-F6301E600AE1}"
EndProject
Global
	GlobalSection(SolutionConfigurationPlatforms) = preSolution
		Debug|Any CPU = Debug|Any CPU
		Release|Any CPU = Release|Any CPU
	EndGlobalSection
	GlobalSection(ProjectConfigurationPlatforms) = postSolution
		{972C5385-E980-A162-A585-D32BBFF72BEE}.Debug|Any CPU.ActiveCfg = Debug|Any CPU
		{972C5385-E980-A162-A585-D32BBFF72BEE}.Debug|Any CPU.Build.0 = Debug|Any CPU
		{972C5385-E980-A162-A585-D32BBFF72BEE}.Release|Any CPU.ActiveCfg = Release|Any CPU
		{972C5385-E980-A162-A585-D32BBFF72BEE}.Release|Any CPU.Build.0 = Release|Any CPU
		{670B132E-6521-E1A0-4CDE-45D5504877F3}.Debug|Any CPU.ActiveCfg = Debug|Any CPU
		{670B132E-6521-E1A0-4CDE-45D5504877F3}.Debug|Any CPU.Build.0 = Debug|Any CPU
		{670B132E-6521-E1A0-4CDE-45D5504877F3}.Release|Any CPU.ActiveCfg = Release|Any CPU
		{670B132E-6521-E1A0-4CDE-45D5504877F3}.Release|Any CPU.Build.0 = Release|Any CPU
		{E3129378-8758-B041-0289-6DB1182F6E55}.Debug|Any CPU.ActiveCfg = Debug|Any CPU
		{E3129378-8758-B041-0289-6DB1182F6E55}.Debug|Any CPU.Build.0 = Debug|Any CPU
		{E3129378-8758-B041-0289-6DB1182F6E55}.Release|Any CPU.ActiveCfg = Release|Any CPU
		{E3129378-8758-B041-0289-6DB1182F6E55}.Release|Any CPU.Build.0 = Release|Any CPU
		{FAC97D98-F0BB-0BE8-B676-EF56CD62F881}.Debug|Any CPU.ActiveCfg = Debug|Any CPU
		{FAC97D98-F0BB-0BE8-B676-EF56CD62F881}.Debug|Any CPU.Build.0 = Debug|Any CPU
		{FAC97D98-F0BB-0BE8-B676-EF56CD62F881}.Release|Any CPU.ActiveCfg = Release|Any CPU
		{FAC97D98-F0BB-0BE8-B676-EF56CD62F881}.Release|Any CPU.Build.0 = Release|Any CPU
		{53C854A7-598C-B12E-D89D-4543985B8258}.Debug|Any CPU.ActiveCfg = Debug|Any CPU
		{53C854A7-598C-B12E-D89D-4543985B8258}.Debug|Any CPU.Build.0 = Debug|Any CPU
		{53C854A7-598C-B12E-D89D-4543985B8258}.Release|Any CPU.ActiveCfg = Release|Any CPU
		{53C854A7-598C-B12E-D89D-4543985B8258}.Release|Any CPU.Build.0 = Release|Any CPU
		{DB936CC5-0406-5C97-C061-0B99DB0C5AB7}.Debug|Any CPU.ActiveCfg = Debug|Any CPU
		{DB936CC5-0406-5C97-C061-0B99DB0C5AB7}.Debug|Any CPU.Build.0 = Debug|Any CPU
		{DB936CC5-0406-5C97-C061-0B99DB0C5AB7}.Release|Any CPU.ActiveCfg = Release|Any CPU
		{DB936CC5-0406-5C97-C061-0B99DB0C5AB7}.Release|Any CPU.Build.0 = Release|Any CPU
		{3B74671D-9DCD-42DD-E82B-1C6A360CB105}.Debug|Any CPU.ActiveCfg = Debug|Any CPU
		{3B74671D-9DCD-42DD-E82B-1C6A360CB105}.Debug|Any CPU.Build.0 = Debug|Any CPU
		{3B74671D-9DCD-42DD-E82B-1C6A360CB105}.Release|Any CPU.ActiveCfg = Release|Any CPU
		{3B74671D-9DCD-42DD-E82B-1C6A360CB105}.Release|Any CPU.Build.0 = Release|Any CPU
		{8308163B-6790-7B0F-F315-BB260E3A6773}.Debug|Any CPU.ActiveCfg = Debug|Any CPU
		{8308163B-6790-7B0F-F315-BB260E3A6773}.Debug|Any CPU.Build.0 = Debug|Any CPU
		{8308163B-6790-7B0F-F315-BB260E3A6773}.Release|Any CPU.ActiveCfg = Release|Any CPU
		{8308163B-6790-7B0F-F315-BB260E3A6773}.Release|Any CPU.Build.0 = Release|Any CPU
		{D6CC6B84-6817-C017-4F13-15A3C1BFD0D5}.Debug|Any CPU.ActiveCfg = Debug|Any CPU
		{D6CC6B84-6817-C017-4F13-15A3C1BFD0D5}.Debug|Any CPU.Build.0 = Debug|Any CPU
		{D6CC6B84-6817-C017-4F13-15A3C1BFD0D5}.Release|Any CPU.ActiveCfg = Release|Any CPU
		{D6CC6B84-6817-C017-4F13-15A3C1BFD0D5}.Release|Any CPU.Build.0 = Release|Any CPU
		{AC8A3D89-FBA6-95EF-A7C9-023220F3075C}.Debug|Any CPU.ActiveCfg = Debug|Any CPU
		{AC8A3D89-FBA6-95EF-A7C9-023220F3075C}.Debug|Any CPU.Build.0 = Debug|Any CPU
		{AC8A3D89-FBA6-95EF-A7C9-023220F3075C}.Release|Any CPU.ActiveCfg = Release|Any CPU
		{AC8A3D89-FBA6-95EF-A7C9-023220F3075C}.Release|Any CPU.Build.0 = Release|Any CPU
		{13BD00A8-4276-4427-7BC1-4F2B4A2F5DC7}.Debug|Any CPU.ActiveCfg = Debug|Any CPU
		{13BD00A8-4276-4427-7BC1-4F2B4A2F5DC7}.Debug|Any CPU.Build.0 = Debug|Any CPU
		{13BD00A8-4276-4427-7BC1-4F2B4A2F5DC7}.Release|Any CPU.ActiveCfg = Release|Any CPU
		{13BD00A8-4276-4427-7BC1-4F2B4A2F5DC7}.Release|Any CPU.Build.0 = Release|Any CPU
		{86AF00A3-1E6A-55B4-FFF2-BA130F865F84}.Debug|Any CPU.ActiveCfg = Debug|Any CPU
		{86AF00A3-1E6A-55B4-FFF2-BA130F865F84}.Debug|Any CPU.Build.0 = Debug|Any CPU
		{86AF00A3-1E6A-55B4-FFF2-BA130F865F84}.Release|Any CPU.ActiveCfg = Release|Any CPU
		{86AF00A3-1E6A-55B4-FFF2-BA130F865F84}.Release|Any CPU.Build.0 = Release|Any CPU
		{9AD7D7E5-8749-14F3-C4EB-A9E57793F2EE}.Debug|Any CPU.ActiveCfg = Debug|Any CPU
		{9AD7D7E5-8749-14F3-C4EB-A9E57793F2EE}.Debug|Any CPU.Build.0 = Debug|Any CPU
		{9AD7D7E5-8749-14F3-C4EB-A9E57793F2EE}.Release|Any CPU.ActiveCfg = Release|Any CPU
		{9AD7D7E5-8749-14F3-C4EB-A9E57793F2EE}.Release|Any CPU.Build.0 = Release|Any CPU
		{89152FF3-E08A-6531-F76D-4A904DB31A6B}.Debug|Any CPU.ActiveCfg = Debug|Any CPU
		{89152FF3-E08A-6531-F76D-4A904DB31A6B}.Debug|Any CPU.Build.0 = Debug|Any CPU
		{89152FF3-E08A-6531-F76D-4A904DB31A6B}.Release|Any CPU.ActiveCfg = Release|Any CPU
		{89152FF3-E08A-6531-F76D-4A904DB31A6B}.Release|Any CPU.Build.0 = Release|Any CPU
		{74B72D2F-F33E-4097-591F-C5781C2B62C2}.Debug|Any CPU.ActiveCfg = Debug|Any CPU
		{74B72D2F-F33E-4097-591F-C5781C2B62C2}.Debug|Any CPU.Build.0 = Debug|Any CPU
		{74B72D2F-F33E-4097-591F-C5781C2B62C2}.Release|Any CPU.ActiveCfg = Release|Any CPU
		{74B72D2F-F33E-4097-591F-C5781C2B62C2}.Release|Any CPU.Build.0 = Release|Any CPU
		{B43E3C0A-25D4-7C8C-3446-F22EAC2EC853}.Debug|Any CPU.ActiveCfg = Debug|Any CPU
		{B43E3C0A-25D4-7C8C-3446-F22EAC2EC853}.Debug|Any CPU.Build.0 = Debug|Any CPU
		{B43E3C0A-25D4-7C8C-3446-F22EAC2EC853}.Release|Any CPU.ActiveCfg = Release|Any CPU
		{B43E3C0A-25D4-7C8C-3446-F22EAC2EC853}.Release|Any CPU.Build.0 = Release|Any CPU
		{8D7D7744-FB2C-59DE-3D19-5D5A9CB6D594}.Debug|Any CPU.ActiveCfg = Debug|Any CPU
		{8D7D7744-FB2C-59DE-3D19-5D5A9CB6D594}.Debug|Any CPU.Build.0 = Debug|Any CPU
		{8D7D7744-FB2C-59DE-3D19-5D5A9CB6D594}.Release|Any CPU.ActiveCfg = Release|Any CPU
		{8D7D7744-FB2C-59DE-3D19-5D5A9CB6D594}.Release|Any CPU.Build.0 = Release|Any CPU
		{4E34C71E-BEBB-B687-C1ED-5DDCB0682496}.Debug|Any CPU.ActiveCfg = Debug|Any CPU
		{4E34C71E-BEBB-B687-C1ED-5DDCB0682496}.Debug|Any CPU.Build.0 = Debug|Any CPU
		{4E34C71E-BEBB-B687-C1ED-5DDCB0682496}.Release|Any CPU.ActiveCfg = Release|Any CPU
		{4E34C71E-BEBB-B687-C1ED-5DDCB0682496}.Release|Any CPU.Build.0 = Release|Any CPU
		{C1C3DDC7-DF4E-A34B-873E-FEACFC89D09A}.Debug|Any CPU.ActiveCfg = Debug|Any CPU
		{C1C3DDC7-DF4E-A34B-873E-FEACFC89D09A}.Debug|Any CPU.Build.0 = Debug|Any CPU
		{C1C3DDC7-DF4E-A34B-873E-FEACFC89D09A}.Release|Any CPU.ActiveCfg = Release|Any CPU
		{C1C3DDC7-DF4E-A34B-873E-FEACFC89D09A}.Release|Any CPU.Build.0 = Release|Any CPU
		{81047AD0-3CFB-DAF3-EA32-F6301E600AE1}.Debug|Any CPU.ActiveCfg = Debug|Any CPU
		{81047AD0-3CFB-DAF3-EA32-F6301E600AE1}.Debug|Any CPU.Build.0 = Debug|Any CPU
		{81047AD0-3CFB-DAF3-EA32-F6301E600AE1}.Release|Any CPU.ActiveCfg = Release|Any CPU
		{81047AD0-3CFB-DAF3-EA32-F6301E600AE1}.Release|Any CPU.Build.0 = Release|Any CPU
	EndGlobalSection
	GlobalSection(SolutionProperties) = preSolution
		HideSolutionNode = FALSE
	EndGlobalSection
EndGlobal
